// !$*UTF8*$!
{
	archiveVersion = 1;
	classes = {
	};
	objectVersion = 55;
	objects = {

/* Begin PBXBuildFile section */
		CF8680BE284D0E7A00E007F9 /* PinterestGridApp.swift in Sources */ = {isa = PBXBuildFile; fileRef = CF8680BD284D0E7A00E007F9 /* PinterestGridApp.swift */; };
		CF8680C0284D0E7A00E007F9 /* ContentView.swift in Sources */ = {isa = PBXBuildFile; fileRef = CF8680BF284D0E7A00E007F9 /* ContentView.swift */; };
		CF8680C2284D0E7D00E007F9 /* Assets.xcassets in Resources */ = {isa = PBXBuildFile; fileRef = CF8680C1284D0E7D00E007F9 /* Assets.xcassets */; };
		CF8680C5284D0E7D00E007F9 /* Preview Assets.xcassets in Resources */ = {isa = PBXBuildFile; fileRef = CF8680C4284D0E7D00E007F9 /* Preview Assets.xcassets */; };
		CF8680CF284D0E7D00E007F9 /* PinterestGridTests.swift in Sources */ = {isa = PBXBuildFile; fileRef = CF8680CE284D0E7D00E007F9 /* PinterestGridTests.swift */; };
		CF8680D9284D0E7D00E007F9 /* PinterestGridUITests.swift in Sources */ = {isa = PBXBuildFile; fileRef = CF8680D8284D0E7D00E007F9 /* PinterestGridUITests.swift */; };
		CF8680DB284D0E7D00E007F9 /* PinterestGridUITestsLaunchTests.swift in Sources */ = {isa = PBXBuildFile; fileRef = CF8680DA284D0E7D00E007F9 /* PinterestGridUITestsLaunchTests.swift */; };
/* End PBXBuildFile section */

/* Begin PBXContainerItemProxy section */
		CF8680CB284D0E7D00E007F9 /* PBXContainerItemProxy */ = {
			isa = PBXContainerItemProxy;
			containerPortal = CF8680B2284D0E7A00E007F9 /* Project object */;
			proxyType = 1;
			remoteGlobalIDString = CF8680B9284D0E7A00E007F9;
			remoteInfo = PinterestGrid;
		};
		CF8680D5284D0E7D00E007F9 /* PBXContainerItemProxy */ = {
			isa = PBXContainerItemProxy;
			containerPortal = CF8680B2284D0E7A00E007F9 /* Project object */;
			proxyType = 1;
			remoteGlobalIDString = CF8680B9284D0E7A00E007F9;
			remoteInfo = PinterestGrid;
		};
/* End PBXContainerItemProxy section */

/* Begin PBXFileReference section */
		CF8680BA284D0E7A00E007F9 /* PinterestGrid.app */ = {isa = PBXFileReference; explicitFileType = wrapper.application; includeInIndex = 0; path = PinterestGrid.app; sourceTree = BUILT_PRODUCTS_DIR; };
		CF8680BD284D0E7A00E007F9 /* PinterestGridApp.swift */ = {isa = PBXFileReference; lastKnownFileType = sourcecode.swift; path = PinterestGridApp.swift; sourceTree = "<group>"; };
		CF8680BF284D0E7A00E007F9 /* ContentView.swift */ = {isa = PBXFileReference; lastKnownFileType = sourcecode.swift; path = ContentView.swift; sourceTree = "<group>"; };
		CF8680C1284D0E7D00E007F9 /* Assets.xcassets */ = {isa = PBXFileReference; lastKnownFileType = folder.assetcatalog; path = Assets.xcassets; sourceTree = "<group>"; };
		CF8680C4284D0E7D00E007F9 /* Preview Assets.xcassets */ = {isa = PBXFileReference; lastKnownFileType = folder.assetcatalog; path = "Preview Assets.xcassets"; sourceTree = "<group>"; };
		CF8680CA284D0E7D00E007F9 /* PinterestGridTests.xctest */ = {isa = PBXFileReference; explicitFileType = wrapper.cfbundle; includeInIndex = 0; path = PinterestGridTests.xctest; sourceTree = BUILT_PRODUCTS_DIR; };
		CF8680CE284D0E7D00E007F9 /* PinterestGridTests.swift */ = {isa = PBXFileReference; lastKnownFileType = sourcecode.swift; path = PinterestGridTests.swift; sourceTree = "<group>"; };
		CF8680D4284D0E7D00E007F9 /* PinterestGridUITests.xctest */ = {isa = PBXFileReference; explicitFileType = wrapper.cfbundle; includeInIndex = 0; path = PinterestGridUITests.xctest; sourceTree = BUILT_PRODUCTS_DIR; };
		CF8680D8284D0E7D00E007F9 /* PinterestGridUITests.swift */ = {isa = PBXFileReference; lastKnownFileType = sourcecode.swift; path = PinterestGridUITests.swift; sourceTree = "<group>"; };
		CF8680DA284D0E7D00E007F9 /* PinterestGridUITestsLaunchTests.swift */ = {isa = PBXFileReference; lastKnownFileType = sourcecode.swift; path = PinterestGridUITestsLaunchTests.swift; sourceTree = "<group>"; };
/* End PBXFileReference section */

/* Begin PBXFrameworksBuildPhase section */
		CF8680B7284D0E7A00E007F9 /* Frameworks */ = {
			isa = PBXFrameworksBuildPhase;
			buildActionMask = 2147483647;
			files = (
			);
			runOnlyForDeploymentPostprocessing = 0;
		};
		CF8680C7284D0E7D00E007F9 /* Frameworks */ = {
			isa = PBXFrameworksBuildPhase;
			buildActionMask = 2147483647;
			files = (
			);
			runOnlyForDeploymentPostprocessing = 0;
		};
		CF8680D1284D0E7D00E007F9 /* Frameworks */ = {
			isa = PBXFrameworksBuildPhase;
			buildActionMask = 2147483647;
			files = (
			);
			runOnlyForDeploymentPostprocessing = 0;
		};
/* End PBXFrameworksBuildPhase section */

/* Begin PBXGroup section */
		CF8680B1284D0E7A00E007F9 = {
			isa = PBXGroup;
			children = (
				CF8680BC284D0E7A00E007F9 /* PinterestGrid */,
				CF8680CD284D0E7D00E007F9 /* PinterestGridTests */,
				CF8680D7284D0E7D00E007F9 /* PinterestGridUITests */,
				CF8680BB284D0E7A00E007F9 /* Products */,
			);
			sourceTree = "<group>";
		};
		CF8680BB284D0E7A00E007F9 /* Products */ = {
			isa = PBXGroup;
			children = (
				CF8680BA284D0E7A00E007F9 /* PinterestGrid.app */,
				CF8680CA284D0E7D00E007F9 /* PinterestGridTests.xctest */,
				CF8680D4284D0E7D00E007F9 /* PinterestGridUITests.xctest */,
			);
			name = Products;
			sourceTree = "<group>";
		};
		CF8680BC284D0E7A00E007F9 /* PinterestGrid */ = {
			isa = PBXGroup;
			children = (
				CF8680BD284D0E7A00E007F9 /* PinterestGridApp.swift */,
				CF8680BF284D0E7A00E007F9 /* ContentView.swift */,
				CF8680C1284D0E7D00E007F9 /* Assets.xcassets */,
				CF8680C3284D0E7D00E007F9 /* Preview Content */,
			);
			path = PinterestGrid;
			sourceTree = "<group>";
		};
		CF8680C3284D0E7D00E007F9 /* Preview Content */ = {
			isa = PBXGroup;
			children = (
				CF8680C4284D0E7D00E007F9 /* Preview Assets.xcassets */,
			);
			path = "Preview Content";
			sourceTree = "<group>";
		};
		CF8680CD284D0E7D00E007F9 /* PinterestGridTests */ = {
			isa = PBXGroup;
			children = (
				CF8680CE284D0E7D00E007F9 /* PinterestGridTests.swift */,
			);
			path = PinterestGridTests;
			sourceTree = "<group>";
		};
		CF8680D7284D0E7D00E007F9 /* PinterestGridUITests */ = {
			isa = PBXGroup;
			children = (
				CF8680D8284D0E7D00E007F9 /* PinterestGridUITests.swift */,
				CF8680DA284D0E7D00E007F9 /* PinterestGridUITestsLaunchTests.swift */,
			);
			path = PinterestGridUITests;
			sourceTree = "<group>";
		};
/* End PBXGroup section */

/* Begin PBXNativeTarget section */
		CF8680B9284D0E7A00E007F9 /* PinterestGrid */ = {
			isa = PBXNativeTarget;
			buildConfigurationList = CF8680DE284D0E7D00E007F9 /* Build configuration list for PBXNativeTarget "PinterestGrid" */;
			buildPhases = (
				CF8680B6284D0E7A00E007F9 /* Sources */,
				CF8680B7284D0E7A00E007F9 /* Frameworks */,
				CF8680B8284D0E7A00E007F9 /* Resources */,
			);
			buildRules = (
			);
			dependencies = (
			);
			name = PinterestGrid;
			productName = PinterestGrid;
			productReference = CF8680BA284D0E7A00E007F9 /* PinterestGrid.app */;
			productType = "com.apple.product-type.application";
		};
		CF8680C9284D0E7D00E007F9 /* PinterestGridTests */ = {
			isa = PBXNativeTarget;
			buildConfigurationList = CF8680E1284D0E7D00E007F9 /* Build configuration list for PBXNativeTarget "PinterestGridTests" */;
			buildPhases = (
				CF8680C6284D0E7D00E007F9 /* Sources */,
				CF8680C7284D0E7D00E007F9 /* Frameworks */,
				CF8680C8284D0E7D00E007F9 /* Resources */,
			);
			buildRules = (
			);
			dependencies = (
				CF8680CC284D0E7D00E007F9 /* PBXTargetDependency */,
			);
			name = PinterestGridTests;
			productName = PinterestGridTests;
			productReference = CF8680CA284D0E7D00E007F9 /* PinterestGridTests.xctest */;
			productType = "com.apple.product-type.bundle.unit-test";
		};
		CF8680D3284D0E7D00E007F9 /* PinterestGridUITests */ = {
			isa = PBXNativeTarget;
			buildConfigurationList = CF8680E4284D0E7D00E007F9 /* Build configuration list for PBXNativeTarget "PinterestGridUITests" */;
			buildPhases = (
				CF8680D0284D0E7D00E007F9 /* Sources */,
				CF8680D1284D0E7D00E007F9 /* Frameworks */,
				CF8680D2284D0E7D00E007F9 /* Resources */,
			);
			buildRules = (
			);
			dependencies = (
				CF8680D6284D0E7D00E007F9 /* PBXTargetDependency */,
			);
			name = PinterestGridUITests;
			productName = PinterestGridUITests;
			productReference = CF8680D4284D0E7D00E007F9 /* PinterestGridUITests.xctest */;
			productType = "com.apple.product-type.bundle.ui-testing";
		};
/* End PBXNativeTarget section */

/* Begin PBXProject section */
		CF8680B2284D0E7A00E007F9 /* Project object */ = {
			isa = PBXProject;
			attributes = {
				BuildIndependentTargetsInParallel = 1;
				LastSwiftUpdateCheck = 1340;
				LastUpgradeCheck = 1340;
				TargetAttributes = {
					CF8680B9284D0E7A00E007F9 = {
						CreatedOnToolsVersion = 13.4.1;
					};
					CF8680C9284D0E7D00E007F9 = {
						CreatedOnToolsVersion = 13.4.1;
						TestTargetID = CF8680B9284D0E7A00E007F9;
					};
					CF8680D3284D0E7D00E007F9 = {
						CreatedOnToolsVersion = 13.4.1;
						TestTargetID = CF8680B9284D0E7A00E007F9;
					};
				};
			};
			buildConfigurationList = CF8680B5284D0E7A00E007F9 /* Build configuration list for PBXProject "PinterestGrid" */;
			compatibilityVersion = "Xcode 13.0";
			developmentRegion = en;
			hasScannedForEncodings = 0;
			knownRegions = (
				en,
				Base,
			);
			mainGroup = CF8680B1284D0E7A00E007F9;
			productRefGroup = CF8680BB284D0E7A00E007F9 /* Products */;
			projectDirPath = "";
			projectRoot = "";
			targets = (
				CF8680B9284D0E7A00E007F9 /* PinterestGrid */,
				CF8680C9284D0E7D00E007F9 /* PinterestGridTests */,
				CF8680D3284D0E7D00E007F9 /* PinterestGridUITests */,
			);
		};
/* End PBXProject section */

/* Begin PBXResourcesBuildPhase section */
		CF8680B8284D0E7A00E007F9 /* Resources */ = {
			isa = PBXResourcesBuildPhase;
			buildActionMask = 2147483647;
			files = (
				CF8680C5284D0E7D00E007F9 /* Preview Assets.xcassets in Resources */,
				CF8680C2284D0E7D00E007F9 /* Assets.xcassets in Resources */,
			);
			runOnlyForDeploymentPostprocessing = 0;
		};
		CF8680C8284D0E7D00E007F9 /* Resources */ = {
			isa = PBXResourcesBuildPhase;
			buildActionMask = 2147483647;
			files = (
			);
			runOnlyForDeploymentPostprocessing = 0;
		};
		CF8680D2284D0E7D00E007F9 /* Resources */ = {
			isa = PBXResourcesBuildPhase;
			buildActionMask = 2147483647;
			files = (
			);
			runOnlyForDeploymentPostprocessing = 0;
		};
/* End PBXResourcesBuildPhase section */

/* Begin PBXSourcesBuildPhase section */
		CF8680B6284D0E7A00E007F9 /* Sources */ = {
			isa = PBXSourcesBuildPhase;
			buildActionMask = 2147483647;
			files = (
				CF8680C0284D0E7A00E007F9 /* ContentView.swift in Sources */,
				CF8680BE284D0E7A00E007F9 /* PinterestGridApp.swift in Sources */,
			);
			runOnlyForDeploymentPostprocessing = 0;
		};
		CF8680C6284D0E7D00E007F9 /* Sources */ = {
			isa = PBXSourcesBuildPhase;
			buildActionMask = 2147483647;
			files = (
				CF8680CF284D0E7D00E007F9 /* PinterestGridTests.swift in Sources */,
			);
			runOnlyForDeploymentPostprocessing = 0;
		};
		CF8680D0284D0E7D00E007F9 /* Sources */ = {
			isa = PBXSourcesBuildPhase;
			buildActionMask = 2147483647;
			files = (
				CF8680D9284D0E7D00E007F9 /* PinterestGridUITests.swift in Sources */,
				CF8680DB284D0E7D00E007F9 /* PinterestGridUITestsLaunchTests.swift in Sources */,
			);
			runOnlyForDeploymentPostprocessing = 0;
		};
/* End PBXSourcesBuildPhase section */

/* Begin PBXTargetDependency section */
		CF8680CC284D0E7D00E007F9 /* PBXTargetDependency */ = {
			isa = PBXTargetDependency;
			target = CF8680B9284D0E7A00E007F9 /* PinterestGrid */;
			targetProxy = CF8680CB284D0E7D00E007F9 /* PBXContainerItemProxy */;
		};
		CF8680D6284D0E7D00E007F9 /* PBXTargetDependency */ = {
			isa = PBXTargetDependency;
			target = CF8680B9284D0E7A00E007F9 /* PinterestGrid */;
			targetProxy = CF8680D5284D0E7D00E007F9 /* PBXContainerItemProxy */;
		};
/* End PBXTargetDependency section */

/* Begin XCBuildConfiguration section */
		CF8680DC284D0E7D00E007F9 /* Debug */ = {
			isa = XCBuildConfiguration;
			buildSettings = {
				ALWAYS_SEARCH_USER_PATHS = NO;
				CLANG_ANALYZER_NONNULL = YES;
				CLANG_ANALYZER_NUMBER_OBJECT_CONVERSION = YES_AGGRESSIVE;
				CLANG_CXX_LANGUAGE_STANDARD = "gnu++17";
				CLANG_ENABLE_MODULES = YES;
				CLANG_ENABLE_OBJC_ARC = YES;
				CLANG_ENABLE_OBJC_WEAK = YES;
				CLANG_WARN_BLOCK_CAPTURE_AUTORELEASING = YES;
				CLANG_WARN_BOOL_CONVERSION = YES;
				CLANG_WARN_COMMA = YES;
				CLANG_WARN_CONSTANT_CONVERSION = YES;
				CLANG_WARN_DEPRECATED_OBJC_IMPLEMENTATIONS = YES;
				CLANG_WARN_DIRECT_OBJC_ISA_USAGE = YES_ERROR;
				CLANG_WARN_DOCUMENTATION_COMMENTS = YES;
				CLANG_WARN_EMPTY_BODY = YES;
				CLANG_WARN_ENUM_CONVERSION = YES;
				CLANG_WARN_INFINITE_RECURSION = YES;
				CLANG_WARN_INT_CONVERSION = YES;
				CLANG_WARN_NON_LITERAL_NULL_CONVERSION = YES;
				CLANG_WARN_OBJC_IMPLICIT_RETAIN_SELF = YES;
				CLANG_WARN_OBJC_LITERAL_CONVERSION = YES;
				CLANG_WARN_OBJC_ROOT_CLASS = YES_ERROR;
				CLANG_WARN_QUOTED_INCLUDE_IN_FRAMEWORK_HEADER = YES;
				CLANG_WARN_RANGE_LOOP_ANALYSIS = YES;
				CLANG_WARN_STRICT_PROTOTYPES = YES;
				CLANG_WARN_SUSPICIOUS_MOVE = YES;
				CLANG_WARN_UNGUARDED_AVAILABILITY = YES_AGGRESSIVE;
				CLANG_WARN_UNREACHABLE_CODE = YES;
				CLANG_WARN__DUPLICATE_METHOD_MATCH = YES;
				COPY_PHASE_STRIP = NO;
				DEBUG_INFORMATION_FORMAT = dwarf;
				ENABLE_STRICT_OBJC_MSGSEND = YES;
				ENABLE_TESTABILITY = YES;
				GCC_C_LANGUAGE_STANDARD = gnu11;
				GCC_DYNAMIC_NO_PIC = NO;
				GCC_NO_COMMON_BLOCKS = YES;
				GCC_OPTIMIZATION_LEVEL = 0;
				GCC_PREPROCESSOR_DEFINITIONS = (
					"DEBUG=1",
					"$(inherited)",
				);
				GCC_WARN_64_TO_32_BIT_CONVERSION = YES;
				GCC_WARN_ABOUT_RETURN_TYPE = YES_ERROR;
				GCC_WARN_UNDECLARED_SELECTOR = YES;
				GCC_WARN_UNINITIALIZED_AUTOS = YES_AGGRESSIVE;
				GCC_WARN_UNUSED_FUNCTION = YES;
				GCC_WARN_UNUSED_VARIABLE = YES;
				IPHONEOS_DEPLOYMENT_TARGET = 15.5;
				MTL_ENABLE_DEBUG_INFO = INCLUDE_SOURCE;
				MTL_FAST_MATH = YES;
				ONLY_ACTIVE_ARCH = YES;
				SDKROOT = iphoneos;
				SWIFT_ACTIVE_COMPILATION_CONDITIONS = DEBUG;
				SWIFT_OPTIMIZATION_LEVEL = "-Onone";
			};
			name = Debug;
		};
		CF8680DD284D0E7D00E007F9 /* Release */ = {
			isa = XCBuildConfiguration;
			buildSettings = {
				ALWAYS_SEARCH_USER_PATHS = NO;
				CLANG_ANALYZER_NONNULL = YES;
				CLANG_ANALYZER_NUMBER_OBJECT_CONVERSION = YES_AGGRESSIVE;
				CLANG_CXX_LANGUAGE_STANDARD = "gnu++17";
				CLANG_ENABLE_MODULES = YES;
				CLANG_ENABLE_OBJC_ARC = YES;
				CLANG_ENABLE_OBJC_WEAK = YES;
				CLANG_WARN_BLOCK_CAPTURE_AUTORELEASING = YES;
				CLANG_WARN_BOOL_CONVERSION = YES;
				CLANG_WARN_COMMA = YES;
				CLANG_WARN_CONSTANT_CONVERSION = YES;
				CLANG_WARN_DEPRECATED_OBJC_IMPLEMENTATIONS = YES;
				CLANG_WARN_DIRECT_OBJC_ISA_USAGE = YES_ERROR;
				CLANG_WARN_DOCUMENTATION_COMMENTS = YES;
				CLANG_WARN_EMPTY_BODY = YES;
				CLANG_WARN_ENUM_CONVERSION = YES;
				CLANG_WARN_INFINITE_RECURSION = YES;
				CLANG_WARN_INT_CONVERSION = YES;
				CLANG_WARN_NON_LITERAL_NULL_CONVERSION = YES;
				CLANG_WARN_OBJC_IMPLICIT_RETAIN_SELF = YES;
				CLANG_WARN_OBJC_LITERAL_CONVERSION = YES;
				CLANG_WARN_OBJC_ROOT_CLASS = YES_ERROR;
				CLANG_WARN_QUOTED_INCLUDE_IN_FRAMEWORK_HEADER = YES;
				CLANG_WARN_RANGE_LOOP_ANALYSIS = YES;
				CLANG_WARN_STRICT_PROTOTYPES = YES;
				CLANG_WARN_SUSPICIOUS_MOVE = YES;
				CLANG_WARN_UNGUARDED_AVAILABILITY = YES_AGGRESSIVE;
				CLANG_WARN_UNREACHABLE_CODE = YES;
				CLANG_WARN__DUPLICATE_METHOD_MATCH = YES;
				COPY_PHASE_STRIP = NO;
				DEBUG_INFORMATION_FORMAT = "dwarf-with-dsym";
				ENABLE_NS_ASSERTIONS = NO;
				ENABLE_STRICT_OBJC_MSGSEND = YES;
				GCC_C_LANGUAGE_STANDARD = gnu11;
				GCC_NO_COMMON_BLOCKS = YES;
				GCC_WARN_64_TO_32_BIT_CONVERSION = YES;
				GCC_WARN_ABOUT_RETURN_TYPE = YES_ERROR;
				GCC_WARN_UNDECLARED_SELECTOR = YES;
				GCC_WARN_UNINITIALIZED_AUTOS = YES_AGGRESSIVE;
				GCC_WARN_UNUSED_FUNCTION = YES;
				GCC_WARN_UNUSED_VARIABLE = YES;
				IPHONEOS_DEPLOYMENT_TARGET = 15.5;
				MTL_ENABLE_DEBUG_INFO = NO;
				MTL_FAST_MATH = YES;
				SDKROOT = iphoneos;
				SWIFT_COMPILATION_MODE = wholemodule;
				SWIFT_OPTIMIZATION_LEVEL = "-O";
				VALIDATE_PRODUCT = YES;
			};
			name = Release;
		};
		CF8680DF284D0E7D00E007F9 /* Debug */ = {
			isa = XCBuildConfiguration;
			buildSettings = {
				ASSETCATALOG_COMPILER_APPICON_NAME = AppIcon;
				ASSETCATALOG_COMPILER_GLOBAL_ACCENT_COLOR_NAME = AccentColor;
				CODE_SIGN_STYLE = Automatic;
				CURRENT_PROJECT_VERSION = 1;
				DEVELOPMENT_ASSET_PATHS = "\"PinterestGrid/Preview Content\"";
				DEVELOPMENT_TEAM = "";
				ENABLE_PREVIEWS = YES;
				GENERATE_INFOPLIST_FILE = YES;
				INFOPLIST_KEY_UIApplicationSceneManifest_Generation = YES;
				INFOPLIST_KEY_UIApplicationSupportsIndirectInputEvents = YES;
				INFOPLIST_KEY_UILaunchScreen_Generation = YES;
				INFOPLIST_KEY_UISupportedInterfaceOrientations_iPad = "UIInterfaceOrientationPortrait UIInterfaceOrientationPortraitUpsideDown UIInterfaceOrientationLandscapeLeft UIInterfaceOrientationLandscapeRight";
				INFOPLIST_KEY_UISupportedInterfaceOrientations_iPhone = "UIInterfaceOrientationPortrait UIInterfaceOrientationLandscapeLeft UIInterfaceOrientationLandscapeRight";
				LD_RUNPATH_SEARCH_PATHS = (
					"$(inherited)",
					"@executable_path/Frameworks",
				);
				MARKETING_VERSION = 1.0;
				PRODUCT_BUNDLE_IDENTIFIER = io.CodeLab.PinterestGrid;
				PRODUCT_NAME = "$(TARGET_NAME)";
				SUPPORTED_PLATFORMS = "iphoneos iphonesimulator";
				SUPPORTS_MACCATALYST = NO;
				SUPPORTS_MAC_DESIGNED_FOR_IPHONE_IPAD = NO;
				SWIFT_EMIT_LOC_STRINGS = YES;
				SWIFT_VERSION = 5.0;
				TARGETED_DEVICE_FAMILY = 1;
			};
			name = Debug;
		};
		CF8680E0284D0E7D00E007F9 /* Release */ = {
			isa = XCBuildConfiguration;
			buildSettings = {
				ASSETCATALOG_COMPILER_APPICON_NAME = AppIcon;
				ASSETCATALOG_COMPILER_GLOBAL_ACCENT_COLOR_NAME = AccentColor;
				CODE_SIGN_STYLE = Automatic;
				CURRENT_PROJECT_VERSION = 1;
				DEVELOPMENT_ASSET_PATHS = "\"PinterestGrid/Preview Content\"";
				DEVELOPMENT_TEAM = "";
				ENABLE_PREVIEWS = YES;
				GENERATE_INFOPLIST_FILE = YES;
				INFOPLIST_KEY_UIApplicationSceneManifest_Generation = YES;
				INFOPLIST_KEY_UIApplicationSupportsIndirectInputEvents = YES;
				INFOPLIST_KEY_UILaunchScreen_Generation = YES;
				INFOPLIST_KEY_UISupportedInterfaceOrientations_iPad = "UIInterfaceOrientationPortrait UIInterfaceOrientationPortraitUpsideDown UIInterfaceOrientationLandscapeLeft UIInterfaceOrientationLandscapeRight";
				INFOPLIST_KEY_UISupportedInterfaceOrientations_iPhone = "UIInterfaceOrientationPortrait UIInterfaceOrientationLandscapeLeft UIInterfaceOrientationLandscapeRight";
				LD_RUNPATH_SEARCH_PATHS = (
					"$(inherited)",
					"@executable_path/Frameworks",
				);
				MARKETING_VERSION = 1.0;
				PRODUCT_BUNDLE_IDENTIFIER = io.CodeLab.PinterestGrid;
				PRODUCT_NAME = "$(TARGET_NAME)";
				SUPPORTED_PLATFORMS = "iphoneos iphonesimulator";
				SUPPORTS_MACCATALYST = NO;
				SUPPORTS_MAC_DESIGNED_FOR_IPHONE_IPAD = NO;
				SWIFT_EMIT_LOC_STRINGS = YES;
				SWIFT_VERSION = 5.0;
				TARGETED_DEVICE_FAMILY = 1;
			};
			name = Release;
		};
		CF8680E2284D0E7D00E007F9 /* Debug */ = {
			isa = XCBuildConfiguration;
			buildSettings = {
				ALWAYS_EMBED_SWIFT_STANDARD_LIBRARIES = YES;
				BUNDLE_LOADER = "$(TEST_HOST)";
				CODE_SIGN_STYLE = Automatic;
				CURRENT_PROJECT_VERSION = 1;
				DEVELOPMENT_TEAM = LPY59J6YN4;
				GENERATE_INFOPLIST_FILE = YES;
				IPHONEOS_DEPLOYMENT_TARGET = 15.5;
				MARKETING_VERSION = 1.0;
				PRODUCT_BUNDLE_IDENTIFIER = Ayhan.com.PinterestGridTests;
				PRODUCT_NAME = "$(TARGET_NAME)";
				SWIFT_EMIT_LOC_STRINGS = NO;
				SWIFT_VERSION = 5.0;
				TARGETED_DEVICE_FAMILY = "1,2";
				TEST_HOST = "$(BUILT_PRODUCTS_DIR)/PinterestGrid.app/PinterestGrid";
			};
			name = Debug;
		};
		CF8680E3284D0E7D00E007F9 /* Release */ = {
			isa = XCBuildConfiguration;
			buildSettings = {
				ALWAYS_EMBED_SWIFT_STANDARD_LIBRARIES = YES;
				BUNDLE_LOADER = "$(TEST_HOST)";
				CODE_SIGN_STYLE = Automatic;
				CURRENT_PROJECT_VERSION = 1;
				DEVELOPMENT_TEAM = LPY59J6YN4;
				GENERATE_INFOPLIST_FILE = YES;
				IPHONEOS_DEPLOYMENT_TARGET = 15.5;
				MARKETING_VERSION = 1.0;
				PRODUCT_BUNDLE_IDENTIFIER = Ayhan.com.PinterestGridTests;
				PRODUCT_NAME = "$(TARGET_NAME)";
				SWIFT_EMIT_LOC_STRINGS = NO;
				SWIFT_VERSION = 5.0;
				TARGETED_DEVICE_FAMILY = "1,2";
				TEST_HOST = "$(BUILT_PRODUCTS_DIR)/PinterestGrid.app/PinterestGrid";
			};
			name = Release;
		};
		CF8680E5284D0E7D00E007F9 /* Debug */ = {
			isa = XCBuildConfiguration;
			buildSettings = {
				ALWAYS_EMBED_SWIFT_STANDARD_LIBRARIES = YES;
				CODE_SIGN_STYLE = Automatic;
				CURRENT_PROJECT_VERSION = 1;
				DEVELOPMENT_TEAM = LPY59J6YN4;
				GENERATE_INFOPLIST_FILE = YES;
				MARKETING_VERSION = 1.0;
				PRODUCT_BUNDLE_IDENTIFIER = Ayhan.com.PinterestGridUITests;
				PRODUCT_NAME = "$(TARGET_NAME)";
				SWIFT_EMIT_LOC_STRINGS = NO;
				SWIFT_VERSION = 5.0;
				TARGETED_DEVICE_FAMILY = "1,2";
				TEST_TARGET_NAME = PinterestGrid;
			};
			name = Debug;
		};
		CF8680E6284D0E7D00E007F9 /* Release */ = {
			isa = XCBuildConfiguration;
			buildSettings = {
				ALWAYS_EMBED_SWIFT_STANDARD_LIBRARIES = YES;
				CODE_SIGN_STYLE = Automatic;
				CURRENT_PROJECT_VERSION = 1;
				DEVELOPMENT_TEAM = LPY59J6YN4;
				GENERATE_INFOPLIST_FILE = YES;
				MARKETING_VERSION = 1.0;
				PRODUCT_BUNDLE_IDENTIFIER = Ayhan.com.PinterestGridUITests;
				PRODUCT_NAME = "$(TARGET_NAME)";
				SWIFT_EMIT_LOC_STRINGS = NO;
				SWIFT_VERSION = 5.0;
				TARGETED_DEVICE_FAMILY = "1,2";
				TEST_TARGET_NAME = PinterestGrid;
			};
			name = Release;
		};
/* End XCBuildConfiguration section */

/* Begin XCConfigurationList section */
		CF8680B5284D0E7A00E007F9 /* Build configuration list for PBXProject "PinterestGrid" */ = {
			isa = XCConfigurationList;
			buildConfigurations = (
				CF8680DC284D0E7D00E007F9 /* Debug */,
				CF8680DD284D0E7D00E007F9 /* Release */,
			);
			defaultConfigurationIsVisible = 0;
			defaultConfigurationName = Release;
		};
		CF8680DE284D0E7D00E007F9 /* Build configuration list for PBXNativeTarget "PinterestGrid" */ = {
			isa = XCConfigurationList;
			buildConfigurations = (
				CF8680DF284D0E7D00E007F9 /* Debug */,
				CF8680E0284D0E7D00E007F9 /* Release */,
			);
			defaultConfigurationIsVisible = 0;
			defaultConfigurationName = Release;
		};
		CF8680E1284D0E7D00E007F9 /* Build configuration list for PBXNativeTarget "PinterestGridTests" */ = {
			isa = XCConfigurationList;
			buildConfigurations = (
				CF8680E2284D0E7D00E007F9 /* Debug */,
				CF8680E3284D0E7D00E007F9 /* Release */,
			);
			defaultConfigurationIsVisible = 0;
			defaultConfigurationName = Release;
		};
		CF8680E4284D0E7D00E007F9 /* Build configuration list for PBXNativeTarget "PinterestGridUITests" */ = {
			isa = XCConfigurationList;
			buildConfigurations = (
				CF8680E5284D0E7D00E007F9 /* Debug */,
				CF8680E6284D0E7D00E007F9 /* Release */,
			);
			defaultConfigurationIsVisible = 0;
			defaultConfigurationName = Release;
		};
/* End XCConfigurationList section */
	};
	rootObject = CF8680B2284D0E7A00E007F9 /* Project object */;
}
